
Microsoft Visual Studio Solution File, Format Version 12.00
# Visual Studio Version 17
VisualStudioVersion = 17.2.32630.192
MinimumVisualStudioVersion = 10.0.40219.1
Project("{FAE04EC0-301F-11D3-BF4B-00C04F79EFBC}") = "3D", "3D\3D.csproj", "{C25DB6B3-5997-438B-A181-8B6503B80904}"
EndProject
Global
	GlobalSection(SolutionConfigurationPlatforms) = preSolution
		Debug|Any CPU = Debug|Any CPU
		Release|Any CPU = Release|Any CPU
	EndGlobalSection
	GlobalSection(ProjectConfigurationPlatforms) = postSolution
		{C25DB6B3-5997-438B-A181-8B6503B80904}.Debug|Any CPU.ActiveCfg = Debug|Any CPU
		{C25DB6B3-5997-438B-A181-8B6503B80904}.Debug|Any CPU.Build.0 = Debug|Any CPU
		{C25DB6B3-5997-438B-A181-8B6503B80904}.Release|Any CPU.ActiveCfg = Release|Any CPU
		{C25DB6B3-5997-438B-A181-8B6503B80904}.Release|Any CPU.Build.0 = Release|Any CPU
	EndGlobalSection
	GlobalSection(SolutionProperties) = preSolution
		HideSolutionNode = FALSE
	EndGlobalSection
	GlobalSection(ExtensibilityGlobals) = postSolution
		SolutionGuid = {6259714A-5CEB-44D3-A485-369B8C22476A}
	EndGlobalSection
EndGlobal
