
Microsoft Visual Studio Solution File, Format Version 12.00
# Visual Studio Version 17
VisualStudioVersion = 17.2.32630.192
MinimumVisualStudioVersion = 10.0.40219.1
Project("{FAE04EC0-301F-11D3-BF4B-00C04F79EFBC}") = "ButtonsWPF", "ButtonsWPF\ButtonsWPF.csproj", "{57157712-B994-48AB-BDA4-4422A31F57AB}"
EndProject
Global
	GlobalSection(SolutionConfigurationPlatforms) = preSolution
		Debug|Any CPU = Debug|Any CPU
		Release|Any CPU = Release|Any CPU
	EndGlobalSection
	GlobalSection(ProjectConfigurationPlatforms) = postSolution
		{57157712-B994-48AB-BDA4-4422A31F57AB}.Debug|Any CPU.ActiveCfg = Debug|Any CPU
		{57157712-B994-48AB-BDA4-4422A31F57AB}.Debug|Any CPU.Build.0 = Debug|Any CPU
		{57157712-B994-48AB-BDA4-4422A31F57AB}.Release|Any CPU.ActiveCfg = Release|Any CPU
		{57157712-B994-48AB-BDA4-4422A31F57AB}.Release|Any CPU.Build.0 = Release|Any CPU
	EndGlobalSection
	GlobalSection(SolutionProperties) = preSolution
		HideSolutionNode = FALSE
	EndGlobalSection
	GlobalSection(ExtensibilityGlobals) = postSolution
		SolutionGuid = {10971FBE-5C05-4EE2-9390-7104FD706935}
	EndGlobalSection
EndGlobal
