
Microsoft Visual Studio Solution File, Format Version 12.00
# Visual Studio Version 17
VisualStudioVersion = 17.2.32630.192
MinimumVisualStudioVersion = 10.0.40219.1
Project("{FAE04EC0-301F-11D3-BF4B-00C04F79EFBC}") = "TreeExample", "TreeExample\TreeExample.csproj", "{B19D7378-3115-4074-B215-531DF187E06F}"
EndProject
Global
	GlobalSection(SolutionConfigurationPlatforms) = preSolution
		Debug|Any CPU = Debug|Any CPU
		Release|Any CPU = Release|Any CPU
	EndGlobalSection
	GlobalSection(ProjectConfigurationPlatforms) = postSolution
		{B19D7378-3115-4074-B215-531DF187E06F}.Debug|Any CPU.ActiveCfg = Debug|Any CPU
		{B19D7378-3115-4074-B215-531DF187E06F}.Debug|Any CPU.Build.0 = Debug|Any CPU
		{B19D7378-3115-4074-B215-531DF187E06F}.Release|Any CPU.ActiveCfg = Release|Any CPU
		{B19D7378-3115-4074-B215-531DF187E06F}.Release|Any CPU.Build.0 = Release|Any CPU
	EndGlobalSection
	GlobalSection(SolutionProperties) = preSolution
		HideSolutionNode = FALSE
	EndGlobalSection
	GlobalSection(ExtensibilityGlobals) = postSolution
		SolutionGuid = {03EBD310-A886-4379-94B4-6D738629950D}
	EndGlobalSection
EndGlobal
