
Microsoft Visual Studio Solution File, Format Version 12.00
# Visual Studio Version 17
VisualStudioVersion = 17.2.32630.192
MinimumVisualStudioVersion = 10.0.40219.1
Project("{FAE04EC0-301F-11D3-BF4B-00C04F79EFBC}") = "Animation", "Animation\Animation.csproj", "{391AE3DE-9B2C-433C-BAC0-3371B6802253}"
EndProject
Global
	GlobalSection(SolutionConfigurationPlatforms) = preSolution
		Debug|Any CPU = Debug|Any CPU
		Release|Any CPU = Release|Any CPU
	EndGlobalSection
	GlobalSection(ProjectConfigurationPlatforms) = postSolution
		{391AE3DE-9B2C-433C-BAC0-3371B6802253}.Debug|Any CPU.ActiveCfg = Debug|Any CPU
		{391AE3DE-9B2C-433C-BAC0-3371B6802253}.Debug|Any CPU.Build.0 = Debug|Any CPU
		{391AE3DE-9B2C-433C-BAC0-3371B6802253}.Release|Any CPU.ActiveCfg = Release|Any CPU
		{391AE3DE-9B2C-433C-BAC0-3371B6802253}.Release|Any CPU.Build.0 = Release|Any CPU
	EndGlobalSection
	GlobalSection(SolutionProperties) = preSolution
		HideSolutionNode = FALSE
	EndGlobalSection
	GlobalSection(ExtensibilityGlobals) = postSolution
		SolutionGuid = {35AAE8D2-F2EB-47D8-BEB2-E011556A03E3}
	EndGlobalSection
EndGlobal
