
Microsoft Visual Studio Solution File, Format Version 12.00
# Visual Studio Version 17
VisualStudioVersion = 17.2.32630.192
MinimumVisualStudioVersion = 10.0.40219.1
Project("{FAE04EC0-301F-11D3-BF4B-00C04F79EFBC}") = "Resouces", "Resouces\Resouces.csproj", "{84ED3BD7-66A6-4B53-B62D-863E5849815F}"
EndProject
Global
	GlobalSection(SolutionConfigurationPlatforms) = preSolution
		Debug|Any CPU = Debug|Any CPU
		Release|Any CPU = Release|Any CPU
	EndGlobalSection
	GlobalSection(ProjectConfigurationPlatforms) = postSolution
		{84ED3BD7-66A6-4B53-B62D-863E5849815F}.Debug|Any CPU.ActiveCfg = Debug|Any CPU
		{84ED3BD7-66A6-4B53-B62D-863E5849815F}.Debug|Any CPU.Build.0 = Debug|Any CPU
		{84ED3BD7-66A6-4B53-B62D-863E5849815F}.Release|Any CPU.ActiveCfg = Release|Any CPU
		{84ED3BD7-66A6-4B53-B62D-863E5849815F}.Release|Any CPU.Build.0 = Release|Any CPU
	EndGlobalSection
	GlobalSection(SolutionProperties) = preSolution
		HideSolutionNode = FALSE
	EndGlobalSection
	GlobalSection(ExtensibilityGlobals) = postSolution
		SolutionGuid = {279499D9-77E0-4912-8A81-DA8E64D22C63}
	EndGlobalSection
EndGlobal
