
Microsoft Visual Studio Solution File, Format Version 12.00
# Visual Studio Version 17
VisualStudioVersion = 17.2.32630.192
MinimumVisualStudioVersion = 10.0.40219.1
Project("{FAE04EC0-301F-11D3-BF4B-00C04F79EFBC}") = "StylesTesting", "StylesTesting\StylesTesting.csproj", "{7497E177-ECAB-4D52-840D-F32F944DBC3A}"
EndProject
Global
	GlobalSection(SolutionConfigurationPlatforms) = preSolution
		Debug|Any CPU = Debug|Any CPU
		Release|Any CPU = Release|Any CPU
	EndGlobalSection
	GlobalSection(ProjectConfigurationPlatforms) = postSolution
		{7497E177-ECAB-4D52-840D-F32F944DBC3A}.Debug|Any CPU.ActiveCfg = Debug|Any CPU
		{7497E177-ECAB-4D52-840D-F32F944DBC3A}.Debug|Any CPU.Build.0 = Debug|Any CPU
		{7497E177-ECAB-4D52-840D-F32F944DBC3A}.Release|Any CPU.ActiveCfg = Release|Any CPU
		{7497E177-ECAB-4D52-840D-F32F944DBC3A}.Release|Any CPU.Build.0 = Release|Any CPU
	EndGlobalSection
	GlobalSection(SolutionProperties) = preSolution
		HideSolutionNode = FALSE
	EndGlobalSection
	GlobalSection(ExtensibilityGlobals) = postSolution
		SolutionGuid = {125833F3-F6B9-4B30-9090-4D01897E1F19}
	EndGlobalSection
EndGlobal
