
Microsoft Visual Studio Solution File, Format Version 12.00
# Visual Studio Version 17
VisualStudioVersion = 17.2.32630.192
MinimumVisualStudioVersion = 10.0.40219.1
Project("{FAE04EC0-301F-11D3-BF4B-00C04F79EFBC}") = "Chipher", "Chipher\Chipher.csproj", "{44CFBE87-69BB-435D-BCCD-3AB700EF96E0}"
EndProject
Global
	GlobalSection(SolutionConfigurationPlatforms) = preSolution
		Debug|Any CPU = Debug|Any CPU
		Release|Any CPU = Release|Any CPU
	EndGlobalSection
	GlobalSection(ProjectConfigurationPlatforms) = postSolution
		{44CFBE87-69BB-435D-BCCD-3AB700EF96E0}.Debug|Any CPU.ActiveCfg = Debug|Any CPU
		{44CFBE87-69BB-435D-BCCD-3AB700EF96E0}.Debug|Any CPU.Build.0 = Debug|Any CPU
		{44CFBE87-69BB-435D-BCCD-3AB700EF96E0}.Release|Any CPU.ActiveCfg = Release|Any CPU
		{44CFBE87-69BB-435D-BCCD-3AB700EF96E0}.Release|Any CPU.Build.0 = Release|Any CPU
	EndGlobalSection
	GlobalSection(SolutionProperties) = preSolution
		HideSolutionNode = FALSE
	EndGlobalSection
	GlobalSection(ExtensibilityGlobals) = postSolution
		SolutionGuid = {3526602F-0B97-4F32-A8A9-26CF64D9725C}
	EndGlobalSection
EndGlobal
