
Microsoft Visual Studio Solution File, Format Version 12.00
# Visual Studio Version 17
VisualStudioVersion = 17.2.32630.192
MinimumVisualStudioVersion = 10.0.40219.1
Project("{FAE04EC0-301F-11D3-BF4B-00C04F79EFBC}") = "DocReader", "DocReader\DocReader.csproj", "{EC35B16B-1503-4425-966A-65D9DD37C2D5}"
EndProject
Global
	GlobalSection(SolutionConfigurationPlatforms) = preSolution
		Debug|Any CPU = Debug|Any CPU
		Release|Any CPU = Release|Any CPU
	EndGlobalSection
	GlobalSection(ProjectConfigurationPlatforms) = postSolution
		{EC35B16B-1503-4425-966A-65D9DD37C2D5}.Debug|Any CPU.ActiveCfg = Debug|Any CPU
		{EC35B16B-1503-4425-966A-65D9DD37C2D5}.Debug|Any CPU.Build.0 = Debug|Any CPU
		{EC35B16B-1503-4425-966A-65D9DD37C2D5}.Release|Any CPU.ActiveCfg = Release|Any CPU
		{EC35B16B-1503-4425-966A-65D9DD37C2D5}.Release|Any CPU.Build.0 = Release|Any CPU
	EndGlobalSection
	GlobalSection(SolutionProperties) = preSolution
		HideSolutionNode = FALSE
	EndGlobalSection
	GlobalSection(ExtensibilityGlobals) = postSolution
		SolutionGuid = {49BC8746-280A-43CD-B8DF-F263F444CE88}
	EndGlobalSection
EndGlobal
