
Microsoft Visual Studio Solution File, Format Version 12.00
# Visual Studio Version 17
VisualStudioVersion = 17.2.32630.192
MinimumVisualStudioVersion = 10.0.40219.1
Project("{FAE04EC0-301F-11D3-BF4B-00C04F79EFBC}") = "DatePicker", "DatePicker\DatePicker.csproj", "{73EDAB3E-1A78-46B1-8437-32F52F40E5F6}"
EndProject
Global
	GlobalSection(SolutionConfigurationPlatforms) = preSolution
		Debug|Any CPU = Debug|Any CPU
		Release|Any CPU = Release|Any CPU
	EndGlobalSection
	GlobalSection(ProjectConfigurationPlatforms) = postSolution
		{73EDAB3E-1A78-46B1-8437-32F52F40E5F6}.Debug|Any CPU.ActiveCfg = Debug|Any CPU
		{73EDAB3E-1A78-46B1-8437-32F52F40E5F6}.Debug|Any CPU.Build.0 = Debug|Any CPU
		{73EDAB3E-1A78-46B1-8437-32F52F40E5F6}.Release|Any CPU.ActiveCfg = Release|Any CPU
		{73EDAB3E-1A78-46B1-8437-32F52F40E5F6}.Release|Any CPU.Build.0 = Release|Any CPU
	EndGlobalSection
	GlobalSection(SolutionProperties) = preSolution
		HideSolutionNode = FALSE
	EndGlobalSection
	GlobalSection(ExtensibilityGlobals) = postSolution
		SolutionGuid = {223D75C9-90AF-4674-A67E-4441F22E1C02}
	EndGlobalSection
EndGlobal
