
Microsoft Visual Studio Solution File, Format Version 12.00
# Visual Studio Version 17
VisualStudioVersion = 17.2.32630.192
MinimumVisualStudioVersion = 10.0.40219.1
Project("{FAE04EC0-301F-11D3-BF4B-00C04F79EFBC}") = "RoutingEvents", "RoutingEvents\RoutingEvents.csproj", "{81D09903-8166-4FCC-9B7A-DE99ABBBE652}"
EndProject
Global
	GlobalSection(SolutionConfigurationPlatforms) = preSolution
		Debug|Any CPU = Debug|Any CPU
		Release|Any CPU = Release|Any CPU
	EndGlobalSection
	GlobalSection(ProjectConfigurationPlatforms) = postSolution
		{81D09903-8166-4FCC-9B7A-DE99ABBBE652}.Debug|Any CPU.ActiveCfg = Debug|Any CPU
		{81D09903-8166-4FCC-9B7A-DE99ABBBE652}.Debug|Any CPU.Build.0 = Debug|Any CPU
		{81D09903-8166-4FCC-9B7A-DE99ABBBE652}.Release|Any CPU.ActiveCfg = Release|Any CPU
		{81D09903-8166-4FCC-9B7A-DE99ABBBE652}.Release|Any CPU.Build.0 = Release|Any CPU
	EndGlobalSection
	GlobalSection(SolutionProperties) = preSolution
		HideSolutionNode = FALSE
	EndGlobalSection
	GlobalSection(ExtensibilityGlobals) = postSolution
		SolutionGuid = {55D6C560-A7EC-4AA7-9009-1E55499216A8}
	EndGlobalSection
EndGlobal
