
Microsoft Visual Studio Solution File, Format Version 12.00
# Visual Studio Version 17
VisualStudioVersion = 17.2.32630.192
MinimumVisualStudioVersion = 10.0.40219.1
Project("{FAE04EC0-301F-11D3-BF4B-00C04F79EFBC}") = "Core5Avalonia", "Core5Avalonia\Core5Avalonia.csproj", "{909ABEB2-AA05-47C2-9E6B-D0BB870BAE43}"
EndProject
Global
	GlobalSection(SolutionConfigurationPlatforms) = preSolution
		Debug|Any CPU = Debug|Any CPU
		Release|Any CPU = Release|Any CPU
	EndGlobalSection
	GlobalSection(ProjectConfigurationPlatforms) = postSolution
		{909ABEB2-AA05-47C2-9E6B-D0BB870BAE43}.Debug|Any CPU.ActiveCfg = Debug|Any CPU
		{909ABEB2-AA05-47C2-9E6B-D0BB870BAE43}.Debug|Any CPU.Build.0 = Debug|Any CPU
		{909ABEB2-AA05-47C2-9E6B-D0BB870BAE43}.Release|Any CPU.ActiveCfg = Release|Any CPU
		{909ABEB2-AA05-47C2-9E6B-D0BB870BAE43}.Release|Any CPU.Build.0 = Release|Any CPU
	EndGlobalSection
	GlobalSection(SolutionProperties) = preSolution
		HideSolutionNode = FALSE
	EndGlobalSection
	GlobalSection(ExtensibilityGlobals) = postSolution
		SolutionGuid = {042A0BCF-D44C-44BE-AF0D-7F35FF07CC23}
	EndGlobalSection
EndGlobal
